// !$*UTF8*$!
{
	archiveVersion = 1;
	classes = {
	};
	objectVersion = 51;
	objects = {

/* Begin PBXBuildFile section */
		3D0B855622C2565E003D8CAA /* MainNVC.swift in Sources */ = {isa = PBXBuildFile; fileRef = 3D0B855522C2565E003D8CAA /* MainNVC.swift */; };
		3D0B855822C256AD003D8CAA /* MainTBC.swift in Sources */ = {isa = PBXBuildFile; fileRef = 3D0B855722C256AD003D8CAA /* MainTBC.swift */; };
		3D0B855A22C256C8003D8CAA /* ScanVC.swift in Sources */ = {isa = PBXBuildFile; fileRef = 3D0B855922C256C8003D8CAA /* ScanVC.swift */; };
		3D0B855C22C2573F003D8CAA /* ErgebnisVC.swift in Sources */ = {isa = PBXBuildFile; fileRef = 3D0B855B22C2573F003D8CAA /* ErgebnisVC.swift */; };
		3D0B855E22C257DD003D8CAA /* InformationTVC.swift in Sources */ = {isa = PBXBuildFile; fileRef = 3D0B855D22C257DD003D8CAA /* InformationTVC.swift */; };
		3D0B856022C25818003D8CAA /* InformationInhaltVC.swift in Sources */ = {isa = PBXBuildFile; fileRef = 3D0B855F22C25818003D8CAA /* InformationInhaltVC.swift */; };
		3D0B856722C258CC003D8CAA /* EinstellungenTVC.swift in Sources */ = {isa = PBXBuildFile; fileRef = 3D0B856622C258CC003D8CAA /* EinstellungenTVC.swift */; };
		3D374BE622C49AF90004C738 /* Keyboard.swift in Sources */ = {isa = PBXBuildFile; fileRef = 3D374BE522C49AF90004C738 /* Keyboard.swift */; };
		3D3A86BA22BFB46C007D2741 /* AppDelegate.swift in Sources */ = {isa = PBXBuildFile; fileRef = 3D3A86B922BFB46C007D2741 /* AppDelegate.swift */; };
		3D3A86BF22BFB46C007D2741 /* Main.storyboard in Resources */ = {isa = PBXBuildFile; fileRef = 3D3A86BD22BFB46C007D2741 /* Main.storyboard */; };
		3D3A86C222BFB46C007D2741 /* Trashy.xcdatamodeld in Sources */ = {isa = PBXBuildFile; fileRef = 3D3A86C022BFB46C007D2741 /* Trashy.xcdatamodeld */; };
		3D3A86C422BFB46E007D2741 /* Assets.xcassets in Resources */ = {isa = PBXBuildFile; fileRef = 3D3A86C322BFB46E007D2741 /* Assets.xcassets */; };
		3D3A86C722BFB46E007D2741 /* LaunchScreen.storyboard in Resources */ = {isa = PBXBuildFile; fileRef = 3D3A86C522BFB46E007D2741 /* LaunchScreen.storyboard */; };
		3D3A86D222BFB46E007D2741 /* TrashyTests.swift in Sources */ = {isa = PBXBuildFile; fileRef = 3D3A86D122BFB46E007D2741 /* TrashyTests.swift */; };
		3D3A86DD22BFB46E007D2741 /* TrashyUITests.swift in Sources */ = {isa = PBXBuildFile; fileRef = 3D3A86DC22BFB46E007D2741 /* TrashyUITests.swift */; };
		3D3A929F22C34E0A00FE9BAB /* Produkt.swift in Sources */ = {isa = PBXBuildFile; fileRef = 3D3A929E22C34E0A00FE9BAB /* Produkt.swift */; };
		3D3A92A522C37B5200FE9BAB /* EingabeVC.swift in Sources */ = {isa = PBXBuildFile; fileRef = 3D3A92A422C37B5200FE9BAB /* EingabeVC.swift */; };
		3D3A92A722C38ED500FE9BAB /* KeinErgebnisPopUpVC.swift in Sources */ = {isa = PBXBuildFile; fileRef = 3D3A92A622C38ED500FE9BAB /* KeinErgebnisPopUpVC.swift */; };
		3D3A92A922C393E900FE9BAB /* RoundView.swift in Sources */ = {isa = PBXBuildFile; fileRef = 3D3A92A822C393E900FE9BAB /* RoundView.swift */; };
		3D3A92AB22C3948C00FE9BAB /* RoundButton.swift in Sources */ = {isa = PBXBuildFile; fileRef = 3D3A92AA22C3948C00FE9BAB /* RoundButton.swift */; };
		3D3A92AD22C3A21800FE9BAB /* EingabeErgebnisVC.swift in Sources */ = {isa = PBXBuildFile; fileRef = 3D3A92AC22C3A21800FE9BAB /* EingabeErgebnisVC.swift */; };
		3D3A92AF22C3A34800FE9BAB /* EingabeProduktHinzufuegenVC.swift in Sources */ = {isa = PBXBuildFile; fileRef = 3D3A92AE22C3A34800FE9BAB /* EingabeProduktHinzufuegenVC.swift */; };
		3D3A92B122C3AE4E00FE9BAB /* EingabeVCMaterialienTVCell.swift in Sources */ = {isa = PBXBuildFile; fileRef = 3D3A92B022C3AE4E00FE9BAB /* EingabeVCMaterialienTVCell.swift */; };
		3D3A92B322C3B0D100FE9BAB /* Material.swift in Sources */ = {isa = PBXBuildFile; fileRef = 3D3A92B222C3B0D100FE9BAB /* Material.swift */; };
		3D9195E922C2941F008BA78A /* GoogleService-Info.plist in Resources */ = {isa = PBXBuildFile; fileRef = 3D9195E822C2941F008BA78A /* GoogleService-Info.plist */; };
		3D9195EB22C2957B008BA78A /* DataService.swift in Sources */ = {isa = PBXBuildFile; fileRef = 3D9195EA22C2957B008BA78A /* DataService.swift */; };
		B5A11D9E3412DC8D78518286 /* Pods_Trashy.framework in Frameworks */ = {isa = PBXBuildFile; fileRef = D29D1F6721DC529976A077D7 /* Pods_Trashy.framework */; };
		D8644DB764F30172C3B0F6FC /* Pods_TrashyUITests.framework in Frameworks */ = {isa = PBXBuildFile; fileRef = 79E740C8AE892B82A1D188DE /* Pods_TrashyUITests.framework */; };
		E49765D7D2AA0DDB6395E689 /* Pods_TrashyTests.framework in Frameworks */ = {isa = PBXBuildFile; fileRef = 71A14C282BD76501F86C09EC /* Pods_TrashyTests.framework */; };
/* End PBXBuildFile section */

/* Begin PBXContainerItemProxy section */
		3D3A86CE22BFB46E007D2741 /* PBXContainerItemProxy */ = {
			isa = PBXContainerItemProxy;
			containerPortal = 3D3A86AE22BFB46B007D2741 /* Project object */;
			proxyType = 1;
			remoteGlobalIDString = 3D3A86B522BFB46B007D2741;
			remoteInfo = Trashy;
		};
		3D3A86D922BFB46E007D2741 /* PBXContainerItemProxy */ = {
			isa = PBXContainerItemProxy;
			containerPortal = 3D3A86AE22BFB46B007D2741 /* Project object */;
			proxyType = 1;
			remoteGlobalIDString = 3D3A86B522BFB46B007D2741;
			remoteInfo = Trashy;
		};
/* End PBXContainerItemProxy section */

/* Begin PBXFileReference section */
		143EEFAABA624A8F011E95E3 /* Pods-TrashyTests.release.xcconfig */ = {isa = PBXFileReference; includeInIndex = 1; lastKnownFileType = text.xcconfig; name = "Pods-TrashyTests.release.xcconfig"; path = "Target Support Files/Pods-TrashyTests/Pods-TrashyTests.release.xcconfig"; sourceTree = "<group>"; };
		2139D04FD80ABDBC84996060 /* Pods-Trashy.debug.xcconfig */ = {isa = PBXFileReference; includeInIndex = 1; lastKnownFileType = text.xcconfig; name = "Pods-Trashy.debug.xcconfig"; path = "Target Support Files/Pods-Trashy/Pods-Trashy.debug.xcconfig"; sourceTree = "<group>"; };
		2D90290B4EDFCEF4B086A534 /* Pods-Trashy.release.xcconfig */ = {isa = PBXFileReference; includeInIndex = 1; lastKnownFileType = text.xcconfig; name = "Pods-Trashy.release.xcconfig"; path = "Target Support Files/Pods-Trashy/Pods-Trashy.release.xcconfig"; sourceTree = "<group>"; };
		34416B2F978A9FFD50FD0465 /* Pods-TrashyUITests.release.xcconfig */ = {isa = PBXFileReference; includeInIndex = 1; lastKnownFileType = text.xcconfig; name = "Pods-TrashyUITests.release.xcconfig"; path = "Target Support Files/Pods-TrashyUITests/Pods-TrashyUITests.release.xcconfig"; sourceTree = "<group>"; };
		3D0B855522C2565E003D8CAA /* MainNVC.swift */ = {isa = PBXFileReference; lastKnownFileType = sourcecode.swift; path = MainNVC.swift; sourceTree = "<group>"; };
		3D0B855722C256AD003D8CAA /* MainTBC.swift */ = {isa = PBXFileReference; lastKnownFileType = sourcecode.swift; path = MainTBC.swift; sourceTree = "<group>"; };
		3D0B855922C256C8003D8CAA /* ScanVC.swift */ = {isa = PBXFileReference; lastKnownFileType = sourcecode.swift; path = ScanVC.swift; sourceTree = "<group>"; };
		3D0B855B22C2573F003D8CAA /* ErgebnisVC.swift */ = {isa = PBXFileReference; lastKnownFileType = sourcecode.swift; path = ErgebnisVC.swift; sourceTree = "<group>"; };
		3D0B855D22C257DD003D8CAA /* InformationTVC.swift */ = {isa = PBXFileReference; lastKnownFileType = sourcecode.swift; path = InformationTVC.swift; sourceTree = "<group>"; };
		3D0B855F22C25818003D8CAA /* InformationInhaltVC.swift */ = {isa = PBXFileReference; lastKnownFileType = sourcecode.swift; path = InformationInhaltVC.swift; sourceTree = "<group>"; };
		3D0B856622C258CC003D8CAA /* EinstellungenTVC.swift */ = {isa = PBXFileReference; lastKnownFileType = sourcecode.swift; path = EinstellungenTVC.swift; sourceTree = "<group>"; };
		3D374BE522C49AF90004C738 /* Keyboard.swift */ = {isa = PBXFileReference; fileEncoding = 4; lastKnownFileType = sourcecode.swift; name = Keyboard.swift; path = "../../../Arbeiten/iMac/Arbeiten/Außerschulisch/Swift/Apps/KKG/KKG/Extensions/Keyboard.swift"; sourceTree = "<group>"; };
		3D3A86B622BFB46C007D2741 /* Trashy.app */ = {isa = PBXFileReference; explicitFileType = wrapper.application; includeInIndex = 0; path = Trashy.app; sourceTree = BUILT_PRODUCTS_DIR; };
		3D3A86B922BFB46C007D2741 /* AppDelegate.swift */ = {isa = PBXFileReference; lastKnownFileType = sourcecode.swift; path = AppDelegate.swift; sourceTree = "<group>"; };
		3D3A86BE22BFB46C007D2741 /* Base */ = {isa = PBXFileReference; lastKnownFileType = file.storyboard; name = Base; path = Base.lproj/Main.storyboard; sourceTree = "<group>"; };
		3D3A86C122BFB46C007D2741 /* Trashy.xcdatamodel */ = {isa = PBXFileReference; lastKnownFileType = wrapper.xcdatamodel; path = Trashy.xcdatamodel; sourceTree = "<group>"; };
		3D3A86C322BFB46E007D2741 /* Assets.xcassets */ = {isa = PBXFileReference; lastKnownFileType = folder.assetcatalog; path = Assets.xcassets; sourceTree = "<group>"; };
		3D3A86C622BFB46E007D2741 /* Base */ = {isa = PBXFileReference; lastKnownFileType = file.storyboard; name = Base; path = Base.lproj/LaunchScreen.storyboard; sourceTree = "<group>"; };
		3D3A86C822BFB46E007D2741 /* Info.plist */ = {isa = PBXFileReference; lastKnownFileType = text.plist.xml; path = Info.plist; sourceTree = "<group>"; };
		3D3A86CD22BFB46E007D2741 /* TrashyTests.xctest */ = {isa = PBXFileReference; explicitFileType = wrapper.cfbundle; includeInIndex = 0; path = TrashyTests.xctest; sourceTree = BUILT_PRODUCTS_DIR; };
		3D3A86D122BFB46E007D2741 /* TrashyTests.swift */ = {isa = PBXFileReference; lastKnownFileType = sourcecode.swift; path = TrashyTests.swift; sourceTree = "<group>"; };
		3D3A86D322BFB46E007D2741 /* Info.plist */ = {isa = PBXFileReference; lastKnownFileType = text.plist.xml; path = Info.plist; sourceTree = "<group>"; };
		3D3A86D822BFB46E007D2741 /* TrashyUITests.xctest */ = {isa = PBXFileReference; explicitFileType = wrapper.cfbundle; includeInIndex = 0; path = TrashyUITests.xctest; sourceTree = BUILT_PRODUCTS_DIR; };
		3D3A86DC22BFB46E007D2741 /* TrashyUITests.swift */ = {isa = PBXFileReference; lastKnownFileType = sourcecode.swift; path = TrashyUITests.swift; sourceTree = "<group>"; };
		3D3A86DE22BFB46E007D2741 /* Info.plist */ = {isa = PBXFileReference; lastKnownFileType = text.plist.xml; path = Info.plist; sourceTree = "<group>"; };
		3D3A929E22C34E0A00FE9BAB /* Produkt.swift */ = {isa = PBXFileReference; lastKnownFileType = sourcecode.swift; path = Produkt.swift; sourceTree = "<group>"; };
		3D3A92A422C37B5200FE9BAB /* EingabeVC.swift */ = {isa = PBXFileReference; lastKnownFileType = sourcecode.swift; path = EingabeVC.swift; sourceTree = "<group>"; };
		3D3A92A622C38ED500FE9BAB /* KeinErgebnisPopUpVC.swift */ = {isa = PBXFileReference; lastKnownFileType = sourcecode.swift; path = KeinErgebnisPopUpVC.swift; sourceTree = "<group>"; };
		3D3A92A822C393E900FE9BAB /* RoundView.swift */ = {isa = PBXFileReference; fileEncoding = 4; lastKnownFileType = sourcecode.swift; name = RoundView.swift; path = ../../../Arbeiten/iMac/Trashy/Trashy/Extensions/RoundView.swift; sourceTree = "<group>"; };
		3D3A92AA22C3948C00FE9BAB /* RoundButton.swift */ = {isa = PBXFileReference; lastKnownFileType = sourcecode.swift; path = RoundButton.swift; sourceTree = "<group>"; };
		3D3A92AC22C3A21800FE9BAB /* EingabeErgebnisVC.swift */ = {isa = PBXFileReference; lastKnownFileType = sourcecode.swift; path = EingabeErgebnisVC.swift; sourceTree = "<group>"; };
		3D3A92AE22C3A34800FE9BAB /* EingabeProduktHinzufuegenVC.swift */ = {isa = PBXFileReference; lastKnownFileType = sourcecode.swift; path = EingabeProduktHinzufuegenVC.swift; sourceTree = "<group>"; };
		3D3A92B022C3AE4E00FE9BAB /* EingabeVCMaterialienTVCell.swift */ = {isa = PBXFileReference; lastKnownFileType = sourcecode.swift; path = EingabeVCMaterialienTVCell.swift; sourceTree = "<group>"; };
		3D3A92B222C3B0D100FE9BAB /* Material.swift */ = {isa = PBXFileReference; lastKnownFileType = sourcecode.swift; path = Material.swift; sourceTree = "<group>"; };
		3D9195E822C2941F008BA78A /* GoogleService-Info.plist */ = {isa = PBXFileReference; fileEncoding = 4; lastKnownFileType = text.plist.xml; name = "GoogleService-Info.plist"; path = "../../../Downloads/GoogleService-Info.plist"; sourceTree = "<group>"; };
		3D9195EA22C2957B008BA78A /* DataService.swift */ = {isa = PBXFileReference; lastKnownFileType = sourcecode.swift; path = DataService.swift; sourceTree = "<group>"; };
		4FA411F9E8290F6602F05D9A /* Pods-TrashyTests.debug.xcconfig */ = {isa = PBXFileReference; includeInIndex = 1; lastKnownFileType = text.xcconfig; name = "Pods-TrashyTests.debug.xcconfig"; path = "Target Support Files/Pods-TrashyTests/Pods-TrashyTests.debug.xcconfig"; sourceTree = "<group>"; };
		6FA714B27B76C585352E8C90 /* Pods-TrashyUITests.debug.xcconfig */ = {isa = PBXFileReference; includeInIndex = 1; lastKnownFileType = text.xcconfig; name = "Pods-TrashyUITests.debug.xcconfig"; path = "Target Support Files/Pods-TrashyUITests/Pods-TrashyUITests.debug.xcconfig"; sourceTree = "<group>"; };
		71A14C282BD76501F86C09EC /* Pods_TrashyTests.framework */ = {isa = PBXFileReference; explicitFileType = wrapper.framework; includeInIndex = 0; path = Pods_TrashyTests.framework; sourceTree = BUILT_PRODUCTS_DIR; };
		79E740C8AE892B82A1D188DE /* Pods_TrashyUITests.framework */ = {isa = PBXFileReference; explicitFileType = wrapper.framework; includeInIndex = 0; path = Pods_TrashyUITests.framework; sourceTree = BUILT_PRODUCTS_DIR; };
		D29D1F6721DC529976A077D7 /* Pods_Trashy.framework */ = {isa = PBXFileReference; explicitFileType = wrapper.framework; includeInIndex = 0; path = Pods_Trashy.framework; sourceTree = BUILT_PRODUCTS_DIR; };
/* End PBXFileReference section */

/* Begin PBXFrameworksBuildPhase section */
		3D3A86B322BFB46B007D2741 /* Frameworks */ = {
			isa = PBXFrameworksBuildPhase;
			buildActionMask = 2147483647;
			files = (
				B5A11D9E3412DC8D78518286 /* Pods_Trashy.framework in Frameworks */,
			);
			runOnlyForDeploymentPostprocessing = 0;
		};
		3D3A86CA22BFB46E007D2741 /* Frameworks */ = {
			isa = PBXFrameworksBuildPhase;
			buildActionMask = 2147483647;
			files = (
				E49765D7D2AA0DDB6395E689 /* Pods_TrashyTests.framework in Frameworks */,
			);
			runOnlyForDeploymentPostprocessing = 0;
		};
		3D3A86D522BFB46E007D2741 /* Frameworks */ = {
			isa = PBXFrameworksBuildPhase;
			buildActionMask = 2147483647;
			files = (
				D8644DB764F30172C3B0F6FC /* Pods_TrashyUITests.framework in Frameworks */,
			);
			runOnlyForDeploymentPostprocessing = 0;
		};
/* End PBXFrameworksBuildPhase section */

/* Begin PBXGroup section */
		3B20CD405474338EE8C47379 /* Pods */ = {
			isa = PBXGroup;
			children = (
				2139D04FD80ABDBC84996060 /* Pods-Trashy.debug.xcconfig */,
				2D90290B4EDFCEF4B086A534 /* Pods-Trashy.release.xcconfig */,
				4FA411F9E8290F6602F05D9A /* Pods-TrashyTests.debug.xcconfig */,
				143EEFAABA624A8F011E95E3 /* Pods-TrashyTests.release.xcconfig */,
				6FA714B27B76C585352E8C90 /* Pods-TrashyUITests.debug.xcconfig */,
				34416B2F978A9FFD50FD0465 /* Pods-TrashyUITests.release.xcconfig */,
			);
			path = Pods;
			sourceTree = "<group>";
		};
		3D0B855222C244BA003D8CAA /* ViewControllers */ = {
			isa = PBXGroup;
			children = (
				3D0B856122C25821003D8CAA /* Main */,
				3D0B856322C25838003D8CAA /* Scan */,
				3D0B856422C25849003D8CAA /* Information */,
			);
			path = ViewControllers;
			sourceTree = "<group>";
		};
		3D0B855322C247D0003D8CAA /* Data */ = {
			isa = PBXGroup;
			children = (
				3D9195EA22C2957B008BA78A /* DataService.swift */,
				3D3A929E22C34E0A00FE9BAB /* Produkt.swift */,
				3D3A92B222C3B0D100FE9BAB /* Material.swift */,
			);
			path = Data;
			sourceTree = "<group>";
		};
		3D0B855422C247DE003D8CAA /* Extensions */ = {
			isa = PBXGroup;
			children = (
				3D3A92A822C393E900FE9BAB /* RoundView.swift */,
				3D3A92AA22C3948C00FE9BAB /* RoundButton.swift */,
				3D374BE522C49AF90004C738 /* Keyboard.swift */,
			);
			path = Extensions;
			sourceTree = "<group>";
		};
		3D0B856122C25821003D8CAA /* Main */ = {
			isa = PBXGroup;
			children = (
				3D0B855522C2565E003D8CAA /* MainNVC.swift */,
				3D0B855722C256AD003D8CAA /* MainTBC.swift */,
			);
			path = Main;
			sourceTree = "<group>";
		};
		3D0B856322C25838003D8CAA /* Scan */ = {
			isa = PBXGroup;
			children = (
				3D0B855922C256C8003D8CAA /* ScanVC.swift */,
				3D0B855B22C2573F003D8CAA /* ErgebnisVC.swift */,
				3D3A92A622C38ED500FE9BAB /* KeinErgebnisPopUpVC.swift */,
				3D3A92A422C37B5200FE9BAB /* EingabeVC.swift */,
				3D3A92B022C3AE4E00FE9BAB /* EingabeVCMaterialienTVCell.swift */,
				3D3A92AC22C3A21800FE9BAB /* EingabeErgebnisVC.swift */,
				3D3A92AE22C3A34800FE9BAB /* EingabeProduktHinzufuegenVC.swift */,
			);
			path = Scan;
			sourceTree = "<group>";
		};
		3D0B856422C25849003D8CAA /* Information */ = {
			isa = PBXGroup;
			children = (
				3D0B855D22C257DD003D8CAA /* InformationTVC.swift */,
				3D0B855F22C25818003D8CAA /* InformationInhaltVC.swift */,
			);
			path = Information;
			sourceTree = "<group>";
		};
		3D0B856522C258A7003D8CAA /* Einstellungen */ = {
			isa = PBXGroup;
			children = (
				3D0B856622C258CC003D8CAA /* EinstellungenTVC.swift */,
			);
			path = Einstellungen;
			sourceTree = "<group>";
		};
		3D3A86AD22BFB46B007D2741 = {
			isa = PBXGroup;
			children = (
				3D3A86B822BFB46C007D2741 /* Trashy */,
				3D3A86D022BFB46E007D2741 /* TrashyTests */,
				3D3A86DB22BFB46E007D2741 /* TrashyUITests */,
				3D3A86B722BFB46C007D2741 /* Products */,
				3B20CD405474338EE8C47379 /* Pods */,
				D90E178675A4104114C89B63 /* Frameworks */,
			);
			sourceTree = "<group>";
		};
		3D3A86B722BFB46C007D2741 /* Products */ = {
			isa = PBXGroup;
			children = (
				3D3A86B622BFB46C007D2741 /* Trashy.app */,
				3D3A86CD22BFB46E007D2741 /* TrashyTests.xctest */,
				3D3A86D822BFB46E007D2741 /* TrashyUITests.xctest */,
			);
			name = Products;
			sourceTree = "<group>";
		};
		3D3A86B822BFB46C007D2741 /* Trashy */ = {
			isa = PBXGroup;
			children = (
				3D0B855322C247D0003D8CAA /* Data */,
				3D0B855222C244BA003D8CAA /* ViewControllers */,
				3D0B856522C258A7003D8CAA /* Einstellungen */,
				3D0B855422C247DE003D8CAA /* Extensions */,
				3D3A86B922BFB46C007D2741 /* AppDelegate.swift */,
				3D3A86BD22BFB46C007D2741 /* Main.storyboard */,
				3D3A86C322BFB46E007D2741 /* Assets.xcassets */,
				3D3A86C522BFB46E007D2741 /* LaunchScreen.storyboard */,
				3D3A86C822BFB46E007D2741 /* Info.plist */,
				3D9195E822C2941F008BA78A /* GoogleService-Info.plist */,
				3D3A86C022BFB46C007D2741 /* Trashy.xcdatamodeld */,
			);
			path = Trashy;
			sourceTree = "<group>";
		};
		3D3A86D022BFB46E007D2741 /* TrashyTests */ = {
			isa = PBXGroup;
			children = (
				3D3A86D122BFB46E007D2741 /* TrashyTests.swift */,
				3D3A86D322BFB46E007D2741 /* Info.plist */,
			);
			path = TrashyTests;
			sourceTree = "<group>";
		};
		3D3A86DB22BFB46E007D2741 /* TrashyUITests */ = {
			isa = PBXGroup;
			children = (
				3D3A86DC22BFB46E007D2741 /* TrashyUITests.swift */,
				3D3A86DE22BFB46E007D2741 /* Info.plist */,
			);
			path = TrashyUITests;
			sourceTree = "<group>";
		};
		D90E178675A4104114C89B63 /* Frameworks */ = {
			isa = PBXGroup;
			children = (
				D29D1F6721DC529976A077D7 /* Pods_Trashy.framework */,
				71A14C282BD76501F86C09EC /* Pods_TrashyTests.framework */,
				79E740C8AE892B82A1D188DE /* Pods_TrashyUITests.framework */,
			);
			name = Frameworks;
			sourceTree = "<group>";
		};
/* End PBXGroup section */

/* Begin PBXNativeTarget section */
		3D3A86B522BFB46B007D2741 /* Trashy */ = {
			isa = PBXNativeTarget;
			buildConfigurationList = 3D3A86E122BFB46E007D2741 /* Build configuration list for PBXNativeTarget "Trashy" */;
			buildPhases = (
				585B4575DC818889E486EC1A /* [CP] Check Pods Manifest.lock */,
				3D3A86B222BFB46B007D2741 /* Sources */,
				3D3A86B322BFB46B007D2741 /* Frameworks */,
				3D3A86B422BFB46B007D2741 /* Resources */,
				D2BC20BAB84D27522494489C /* [CP] Embed Pods Frameworks */,
			);
			buildRules = (
			);
			dependencies = (
			);
			name = Trashy;
			productName = Trashy;
			productReference = 3D3A86B622BFB46C007D2741 /* Trashy.app */;
			productType = "com.apple.product-type.application";
		};
		3D3A86CC22BFB46E007D2741 /* TrashyTests */ = {
			isa = PBXNativeTarget;
			buildConfigurationList = 3D3A86E422BFB46E007D2741 /* Build configuration list for PBXNativeTarget "TrashyTests" */;
			buildPhases = (
				7D0B3ED764A96AFB2D0C2A49 /* [CP] Check Pods Manifest.lock */,
				3D3A86C922BFB46E007D2741 /* Sources */,
				3D3A86CA22BFB46E007D2741 /* Frameworks */,
				3D3A86CB22BFB46E007D2741 /* Resources */,
			);
			buildRules = (
			);
			dependencies = (
				3D3A86CF22BFB46E007D2741 /* PBXTargetDependency */,
			);
			name = TrashyTests;
			productName = TrashyTests;
			productReference = 3D3A86CD22BFB46E007D2741 /* TrashyTests.xctest */;
			productType = "com.apple.product-type.bundle.unit-test";
		};
		3D3A86D722BFB46E007D2741 /* TrashyUITests */ = {
			isa = PBXNativeTarget;
			buildConfigurationList = 3D3A86E722BFB46E007D2741 /* Build configuration list for PBXNativeTarget "TrashyUITests" */;
			buildPhases = (
				9EA272A0FF6DBC2E8F9B2DF4 /* [CP] Check Pods Manifest.lock */,
				3D3A86D422BFB46E007D2741 /* Sources */,
				3D3A86D522BFB46E007D2741 /* Frameworks */,
				3D3A86D622BFB46E007D2741 /* Resources */,
			);
			buildRules = (
			);
			dependencies = (
				3D3A86DA22BFB46E007D2741 /* PBXTargetDependency */,
			);
			name = TrashyUITests;
			productName = TrashyUITests;
			productReference = 3D3A86D822BFB46E007D2741 /* TrashyUITests.xctest */;
			productType = "com.apple.product-type.bundle.ui-testing";
		};
/* End PBXNativeTarget section */

/* Begin PBXProject section */
		3D3A86AE22BFB46B007D2741 /* Project object */ = {
			isa = PBXProject;
			attributes = {
				LastSwiftUpdateCheck = 1020;
				LastUpgradeCheck = 1020;
				ORGANIZATIONNAME = Trashy;
				TargetAttributes = {
					3D3A86B522BFB46B007D2741 = {
						CreatedOnToolsVersion = 10.2.1;
					};
					3D3A86CC22BFB46E007D2741 = {
						CreatedOnToolsVersion = 10.2.1;
						TestTargetID = 3D3A86B522BFB46B007D2741;
					};
					3D3A86D722BFB46E007D2741 = {
						CreatedOnToolsVersion = 10.2.1;
						TestTargetID = 3D3A86B522BFB46B007D2741;
					};
				};
			};
			buildConfigurationList = 3D3A86B122BFB46B007D2741 /* Build configuration list for PBXProject "Trashy" */;
			compatibilityVersion = "Xcode 9.3";
			developmentRegion = en;
			hasScannedForEncodings = 0;
			knownRegions = (
				en,
				Base,
			);
			mainGroup = 3D3A86AD22BFB46B007D2741;
			productRefGroup = 3D3A86B722BFB46C007D2741 /* Products */;
			projectDirPath = "";
			projectRoot = "";
			targets = (
				3D3A86B522BFB46B007D2741 /* Trashy */,
				3D3A86CC22BFB46E007D2741 /* TrashyTests */,
				3D3A86D722BFB46E007D2741 /* TrashyUITests */,
			);
		};
/* End PBXProject section */

/* Begin PBXResourcesBuildPhase section */
		3D3A86B422BFB46B007D2741 /* Resources */ = {
			isa = PBXResourcesBuildPhase;
			buildActionMask = 2147483647;
			files = (
				3D3A86C722BFB46E007D2741 /* LaunchScreen.storyboard in Resources */,
				3D9195E922C2941F008BA78A /* GoogleService-Info.plist in Resources */,
				3D3A86C422BFB46E007D2741 /* Assets.xcassets in Resources */,
				3D3A86BF22BFB46C007D2741 /* Main.storyboard in Resources */,
			);
			runOnlyForDeploymentPostprocessing = 0;
		};
		3D3A86CB22BFB46E007D2741 /* Resources */ = {
			isa = PBXResourcesBuildPhase;
			buildActionMask = 2147483647;
			files = (
			);
			runOnlyForDeploymentPostprocessing = 0;
		};
		3D3A86D622BFB46E007D2741 /* Resources */ = {
			isa = PBXResourcesBuildPhase;
			buildActionMask = 2147483647;
			files = (
			);
			runOnlyForDeploymentPostprocessing = 0;
		};
/* End PBXResourcesBuildPhase section */

/* Begin PBXShellScriptBuildPhase section */
		585B4575DC818889E486EC1A /* [CP] Check Pods Manifest.lock */ = {
			isa = PBXShellScriptBuildPhase;
			buildActionMask = 2147483647;
			files = (
			);
			inputFileListPaths = (
			);
			inputPaths = (
				"${PODS_PODFILE_DIR_PATH}/Podfile.lock",
				"${PODS_ROOT}/Manifest.lock",
			);
			name = "[CP] Check Pods Manifest.lock";
			outputFileListPaths = (
			);
			outputPaths = (
				"$(DERIVED_FILE_DIR)/Pods-Trashy-checkManifestLockResult.txt",
			);
			runOnlyForDeploymentPostprocessing = 0;
			shellPath = /bin/sh;
			shellScript = "diff \"${PODS_PODFILE_DIR_PATH}/Podfile.lock\" \"${PODS_ROOT}/Manifest.lock\" > /dev/null\nif [ $? != 0 ] ; then\n    # print error to STDERR\n    echo \"error: The sandbox is not in sync with the Podfile.lock. Run 'pod install' or update your CocoaPods installation.\" >&2\n    exit 1\nfi\n# This output is used by Xcode 'outputs' to avoid re-running this script phase.\necho \"SUCCESS\" > \"${SCRIPT_OUTPUT_FILE_0}\"\n";
			showEnvVarsInLog = 0;
		};
		7D0B3ED764A96AFB2D0C2A49 /* [CP] Check Pods Manifest.lock */ = {
			isa = PBXShellScriptBuildPhase;
			buildActionMask = 2147483647;
			files = (
			);
			inputFileListPaths = (
			);
			inputPaths = (
				"${PODS_PODFILE_DIR_PATH}/Podfile.lock",
				"${PODS_ROOT}/Manifest.lock",
			);
			name = "[CP] Check Pods Manifest.lock";
			outputFileListPaths = (
			);
			outputPaths = (
				"$(DERIVED_FILE_DIR)/Pods-TrashyTests-checkManifestLockResult.txt",
			);
			runOnlyForDeploymentPostprocessing = 0;
			shellPath = /bin/sh;
			shellScript = "diff \"${PODS_PODFILE_DIR_PATH}/Podfile.lock\" \"${PODS_ROOT}/Manifest.lock\" > /dev/null\nif [ $? != 0 ] ; then\n    # print error to STDERR\n    echo \"error: The sandbox is not in sync with the Podfile.lock. Run 'pod install' or update your CocoaPods installation.\" >&2\n    exit 1\nfi\n# This output is used by Xcode 'outputs' to avoid re-running this script phase.\necho \"SUCCESS\" > \"${SCRIPT_OUTPUT_FILE_0}\"\n";
			showEnvVarsInLog = 0;
		};
		9EA272A0FF6DBC2E8F9B2DF4 /* [CP] Check Pods Manifest.lock */ = {
			isa = PBXShellScriptBuildPhase;
			buildActionMask = 2147483647;
			files = (
			);
			inputFileListPaths = (
			);
			inputPaths = (
				"${PODS_PODFILE_DIR_PATH}/Podfile.lock",
				"${PODS_ROOT}/Manifest.lock",
			);
			name = "[CP] Check Pods Manifest.lock";
			outputFileListPaths = (
			);
			outputPaths = (
				"$(DERIVED_FILE_DIR)/Pods-TrashyUITests-checkManifestLockResult.txt",
			);
			runOnlyForDeploymentPostprocessing = 0;
			shellPath = /bin/sh;
			shellScript = "diff \"${PODS_PODFILE_DIR_PATH}/Podfile.lock\" \"${PODS_ROOT}/Manifest.lock\" > /dev/null\nif [ $? != 0 ] ; then\n    # print error to STDERR\n    echo \"error: The sandbox is not in sync with the Podfile.lock. Run 'pod install' or update your CocoaPods installation.\" >&2\n    exit 1\nfi\n# This output is used by Xcode 'outputs' to avoid re-running this script phase.\necho \"SUCCESS\" > \"${SCRIPT_OUTPUT_FILE_0}\"\n";
			showEnvVarsInLog = 0;
		};
		D2BC20BAB84D27522494489C /* [CP] Embed Pods Frameworks */ = {
			isa = PBXShellScriptBuildPhase;
			buildActionMask = 2147483647;
			files = (
			);
			inputFileListPaths = (
				"${PODS_ROOT}/Target Support Files/Pods-Trashy/Pods-Trashy-frameworks-${CONFIGURATION}-input-files.xcfilelist",
			);
			name = "[CP] Embed Pods Frameworks";
			outputFileListPaths = (
				"${PODS_ROOT}/Target Support Files/Pods-Trashy/Pods-Trashy-frameworks-${CONFIGURATION}-output-files.xcfilelist",
			);
			runOnlyForDeploymentPostprocessing = 0;
			shellPath = /bin/sh;
			shellScript = "\"${PODS_ROOT}/Target Support Files/Pods-Trashy/Pods-Trashy-frameworks.sh\"\n";
			showEnvVarsInLog = 0;
		};
/* End PBXShellScriptBuildPhase section */

/* Begin PBXSourcesBuildPhase section */
		3D3A86B222BFB46B007D2741 /* Sources */ = {
			isa = PBXSourcesBuildPhase;
			buildActionMask = 2147483647;
			files = (
				3D0B855622C2565E003D8CAA /* MainNVC.swift in Sources */,
				3D3A92B322C3B0D100FE9BAB /* Material.swift in Sources */,
				3D374BE622C49AF90004C738 /* Keyboard.swift in Sources */,
				3D3A92A922C393E900FE9BAB /* RoundView.swift in Sources */,
				3D3A92B122C3AE4E00FE9BAB /* EingabeVCMaterialienTVCell.swift in Sources */,
				3D3A92A722C38ED500FE9BAB /* KeinErgebnisPopUpVC.swift in Sources */,
				3D0B856722C258CC003D8CAA /* EinstellungenTVC.swift in Sources */,
				3D0B855E22C257DD003D8CAA /* InformationTVC.swift in Sources */,
				3D3A92AD22C3A21800FE9BAB /* EingabeErgebnisVC.swift in Sources */,
				3D3A929F22C34E0A00FE9BAB /* Produkt.swift in Sources */,
				3D3A92AB22C3948C00FE9BAB /* RoundButton.swift in Sources */,
				3D0B855A22C256C8003D8CAA /* ScanVC.swift in Sources */,
				3D3A92A522C37B5200FE9BAB /* EingabeVC.swift in Sources */,
				3D0B856022C25818003D8CAA /* InformationInhaltVC.swift in Sources */,
				3D3A86C222BFB46C007D2741 /* Trashy.xcdatamodeld in Sources */,
				3D0B855822C256AD003D8CAA /* MainTBC.swift in Sources */,
				3D3A86BA22BFB46C007D2741 /* AppDelegate.swift in Sources */,
				3D0B855C22C2573F003D8CAA /* ErgebnisVC.swift in Sources */,
				3D3A92AF22C3A34800FE9BAB /* EingabeProduktHinzufuegenVC.swift in Sources */,
				3D9195EB22C2957B008BA78A /* DataService.swift in Sources */,
			);
			runOnlyForDeploymentPostprocessing = 0;
		};
		3D3A86C922BFB46E007D2741 /* Sources */ = {
			isa = PBXSourcesBuildPhase;
			buildActionMask = 2147483647;
			files = (
				3D3A86D222BFB46E007D2741 /* TrashyTests.swift in Sources */,
			);
			runOnlyForDeploymentPostprocessing = 0;
		};
		3D3A86D422BFB46E007D2741 /* Sources */ = {
			isa = PBXSourcesBuildPhase;
			buildActionMask = 2147483647;
			files = (
				3D3A86DD22BFB46E007D2741 /* TrashyUITests.swift in Sources */,
			);
			runOnlyForDeploymentPostprocessing = 0;
		};
/* End PBXSourcesBuildPhase section */

/* Begin PBXTargetDependency section */
		3D3A86CF22BFB46E007D2741 /* PBXTargetDependency */ = {
			isa = PBXTargetDependency;
			target = 3D3A86B522BFB46B007D2741 /* Trashy */;
			targetProxy = 3D3A86CE22BFB46E007D2741 /* PBXContainerItemProxy */;
		};
		3D3A86DA22BFB46E007D2741 /* PBXTargetDependency */ = {
			isa = PBXTargetDependency;
			target = 3D3A86B522BFB46B007D2741 /* Trashy */;
			targetProxy = 3D3A86D922BFB46E007D2741 /* PBXContainerItemProxy */;
		};
/* End PBXTargetDependency section */

/* Begin PBXVariantGroup section */
		3D3A86BD22BFB46C007D2741 /* Main.storyboard */ = {
			isa = PBXVariantGroup;
			children = (
				3D3A86BE22BFB46C007D2741 /* Base */,
			);
			name = Main.storyboard;
			sourceTree = "<group>";
		};
		3D3A86C522BFB46E007D2741 /* LaunchScreen.storyboard */ = {
			isa = PBXVariantGroup;
			children = (
				3D3A86C622BFB46E007D2741 /* Base */,
			);
			name = LaunchScreen.storyboard;
			sourceTree = "<group>";
		};
/* End PBXVariantGroup section */

/* Begin XCBuildConfiguration section */
		3D3A86DF22BFB46E007D2741 /* Debug */ = {
			isa = XCBuildConfiguration;
			buildSettings = {
				ALWAYS_SEARCH_USER_PATHS = NO;
				CLANG_ANALYZER_NONNULL = YES;
				CLANG_ANALYZER_NUMBER_OBJECT_CONVERSION = YES_AGGRESSIVE;
				CLANG_CXX_LANGUAGE_STANDARD = "gnu++14";
				CLANG_CXX_LIBRARY = "libc++";
				CLANG_ENABLE_MODULES = YES;
				CLANG_ENABLE_OBJC_ARC = YES;
				CLANG_ENABLE_OBJC_WEAK = YES;
				CLANG_WARN_BLOCK_CAPTURE_AUTORELEASING = YES;
				CLANG_WARN_BOOL_CONVERSION = YES;
				CLANG_WARN_COMMA = YES;
				CLANG_WARN_CONSTANT_CONVERSION = YES;
				CLANG_WARN_DEPRECATED_OBJC_IMPLEMENTATIONS = YES;
				CLANG_WARN_DIRECT_OBJC_ISA_USAGE = YES_ERROR;
				CLANG_WARN_DOCUMENTATION_COMMENTS = YES;
				CLANG_WARN_EMPTY_BODY = YES;
				CLANG_WARN_ENUM_CONVERSION = YES;
				CLANG_WARN_INFINITE_RECURSION = YES;
				CLANG_WARN_INT_CONVERSION = YES;
				CLANG_WARN_NON_LITERAL_NULL_CONVERSION = YES;
				CLANG_WARN_OBJC_IMPLICIT_RETAIN_SELF = YES;
				CLANG_WARN_OBJC_LITERAL_CONVERSION = YES;
				CLANG_WARN_OBJC_ROOT_CLASS = YES_ERROR;
				CLANG_WARN_RANGE_LOOP_ANALYSIS = YES;
				CLANG_WARN_STRICT_PROTOTYPES = YES;
				CLANG_WARN_SUSPICIOUS_MOVE = YES;
				CLANG_WARN_UNGUARDED_AVAILABILITY = YES_AGGRESSIVE;
				CLANG_WARN_UNREACHABLE_CODE = YES;
				CLANG_WARN__DUPLICATE_METHOD_MATCH = YES;
				CODE_SIGN_IDENTITY = "iPhone Developer";
				COPY_PHASE_STRIP = NO;
				DEBUG_INFORMATION_FORMAT = dwarf;
				ENABLE_STRICT_OBJC_MSGSEND = YES;
				ENABLE_TESTABILITY = YES;
				GCC_C_LANGUAGE_STANDARD = gnu11;
				GCC_DYNAMIC_NO_PIC = NO;
				GCC_NO_COMMON_BLOCKS = YES;
				GCC_OPTIMIZATION_LEVEL = 0;
				GCC_PREPROCESSOR_DEFINITIONS = (
					"DEBUG=1",
					"$(inherited)",
				);
				GCC_WARN_64_TO_32_BIT_CONVERSION = YES;
				GCC_WARN_ABOUT_RETURN_TYPE = YES_ERROR;
				GCC_WARN_UNDECLARED_SELECTOR = YES;
				GCC_WARN_UNINITIALIZED_AUTOS = YES_AGGRESSIVE;
				GCC_WARN_UNUSED_FUNCTION = YES;
				GCC_WARN_UNUSED_VARIABLE = YES;
				IPHONEOS_DEPLOYMENT_TARGET = 12.2;
				MTL_ENABLE_DEBUG_INFO = INCLUDE_SOURCE;
				MTL_FAST_MATH = YES;
				ONLY_ACTIVE_ARCH = YES;
				SDKROOT = iphoneos;
				SWIFT_ACTIVE_COMPILATION_CONDITIONS = DEBUG;
				SWIFT_OPTIMIZATION_LEVEL = "-Onone";
			};
			name = Debug;
		};
		3D3A86E022BFB46E007D2741 /* Release */ = {
			isa = XCBuildConfiguration;
			buildSettings = {
				ALWAYS_SEARCH_USER_PATHS = NO;
				CLANG_ANALYZER_NONNULL = YES;
				CLANG_ANALYZER_NUMBER_OBJECT_CONVERSION = YES_AGGRESSIVE;
				CLANG_CXX_LANGUAGE_STANDARD = "gnu++14";
				CLANG_CXX_LIBRARY = "libc++";
				CLANG_ENABLE_MODULES = YES;
				CLANG_ENABLE_OBJC_ARC = YES;
				CLANG_ENABLE_OBJC_WEAK = YES;
				CLANG_WARN_BLOCK_CAPTURE_AUTORELEASING = YES;
				CLANG_WARN_BOOL_CONVERSION = YES;
				CLANG_WARN_COMMA = YES;
				CLANG_WARN_CONSTANT_CONVERSION = YES;
				CLANG_WARN_DEPRECATED_OBJC_IMPLEMENTATIONS = YES;
				CLANG_WARN_DIRECT_OBJC_ISA_USAGE = YES_ERROR;
				CLANG_WARN_DOCUMENTATION_COMMENTS = YES;
				CLANG_WARN_EMPTY_BODY = YES;
				CLANG_WARN_ENUM_CONVERSION = YES;
				CLANG_WARN_INFINITE_RECURSION = YES;
				CLANG_WARN_INT_CONVERSION = YES;
				CLANG_WARN_NON_LITERAL_NULL_CONVERSION = YES;
				CLANG_WARN_OBJC_IMPLICIT_RETAIN_SELF = YES;
				CLANG_WARN_OBJC_LITERAL_CONVERSION = YES;
				CLANG_WARN_OBJC_ROOT_CLASS = YES_ERROR;
				CLANG_WARN_RANGE_LOOP_ANALYSIS = YES;
				CLANG_WARN_STRICT_PROTOTYPES = YES;
				CLANG_WARN_SUSPICIOUS_MOVE = YES;
				CLANG_WARN_UNGUARDED_AVAILABILITY = YES_AGGRESSIVE;
				CLANG_WARN_UNREACHABLE_CODE = YES;
				CLANG_WARN__DUPLICATE_METHOD_MATCH = YES;
				CODE_SIGN_IDENTITY = "iPhone Developer";
				COPY_PHASE_STRIP = NO;
				DEBUG_INFORMATION_FORMAT = "dwarf-with-dsym";
				ENABLE_NS_ASSERTIONS = NO;
				ENABLE_STRICT_OBJC_MSGSEND = YES;
				GCC_C_LANGUAGE_STANDARD = gnu11;
				GCC_NO_COMMON_BLOCKS = YES;
				GCC_WARN_64_TO_32_BIT_CONVERSION = YES;
				GCC_WARN_ABOUT_RETURN_TYPE = YES_ERROR;
				GCC_WARN_UNDECLARED_SELECTOR = YES;
				GCC_WARN_UNINITIALIZED_AUTOS = YES_AGGRESSIVE;
				GCC_WARN_UNUSED_FUNCTION = YES;
				GCC_WARN_UNUSED_VARIABLE = YES;
				IPHONEOS_DEPLOYMENT_TARGET = 12.2;
				MTL_ENABLE_DEBUG_INFO = NO;
				MTL_FAST_MATH = YES;
				SDKROOT = iphoneos;
				SWIFT_COMPILATION_MODE = wholemodule;
				SWIFT_OPTIMIZATION_LEVEL = "-O";
				VALIDATE_PRODUCT = YES;
			};
			name = Release;
		};
		3D3A86E222BFB46E007D2741 /* Debug */ = {
			isa = XCBuildConfiguration;
			baseConfigurationReference = 2139D04FD80ABDBC84996060 /* Pods-Trashy.debug.xcconfig */;
			buildSettings = {
				ASSETCATALOG_COMPILER_APPICON_NAME = AppIcon;
				CODE_SIGN_STYLE = Automatic;
				DEVELOPMENT_TEAM = Z3VK7ZX3WY;
				INFOPLIST_FILE = Trashy/Info.plist;
				LD_RUNPATH_SEARCH_PATHS = (
					"$(inherited)",
					"@executable_path/Frameworks",
				);
				PRODUCT_BUNDLE_IDENTIFIER = com.trashy.Trashy;
				PRODUCT_NAME = "$(TARGET_NAME)";
				SWIFT_VERSION = 5.0;
				TARGETED_DEVICE_FAMILY = 1;
			};
			name = Debug;
		};
		3D3A86E322BFB46E007D2741 /* Release */ = {
			isa = XCBuildConfiguration;
			baseConfigurationReference = 2D90290B4EDFCEF4B086A534 /* Pods-Trashy.release.xcconfig */;
			buildSettings = {
				ASSETCATALOG_COMPILER_APPICON_NAME = AppIcon;
				CODE_SIGN_STYLE = Automatic;
				DEVELOPMENT_TEAM = Z3VK7ZX3WY;
				INFOPLIST_FILE = Trashy/Info.plist;
				LD_RUNPATH_SEARCH_PATHS = (
					"$(inherited)",
					"@executable_path/Frameworks",
				);
				PRODUCT_BUNDLE_IDENTIFIER = com.trashy.Trashy;
				PRODUCT_NAME = "$(TARGET_NAME)";
				SWIFT_VERSION = 5.0;
				TARGETED_DEVICE_FAMILY = 1;
			};
			name = Release;
		};
		3D3A86E522BFB46E007D2741 /* Debug */ = {
			isa = XCBuildConfiguration;
			baseConfigurationReference = 4FA411F9E8290F6602F05D9A /* Pods-TrashyTests.debug.xcconfig */;
			buildSettings = {
				ALWAYS_EMBED_SWIFT_STANDARD_LIBRARIES = YES;
				BUNDLE_LOADER = "$(TEST_HOST)";
				CODE_SIGN_STYLE = Automatic;
				INFOPLIST_FILE = TrashyTests/Info.plist;
				LD_RUNPATH_SEARCH_PATHS = (
					"$(inherited)",
					"@executable_path/Frameworks",
					"@loader_path/Frameworks",
				);
				PRODUCT_BUNDLE_IDENTIFIER = com.trashy.TrashyTests;
				PRODUCT_NAME = "$(TARGET_NAME)";
				SWIFT_VERSION = 5.0;
				TARGETED_DEVICE_FAMILY = "1,2";
				TEST_HOST = "$(BUILT_PRODUCTS_DIR)/Trashy.app/Trashy";
			};
			name = Debug;
		};
		3D3A86E622BFB46E007D2741 /* Release */ = {
			isa = XCBuildConfiguration;
			baseConfigurationReference = 143EEFAABA624A8F011E95E3 /* Pods-TrashyTests.release.xcconfig */;
			buildSettings = {
				ALWAYS_EMBED_SWIFT_STANDARD_LIBRARIES = YES;
				BUNDLE_LOADER = "$(TEST_HOST)";
				CODE_SIGN_STYLE = Automatic;
				INFOPLIST_FILE = TrashyTests/Info.plist;
				LD_RUNPATH_SEARCH_PATHS = (
					"$(inherited)",
					"@executable_path/Frameworks",
					"@loader_path/Frameworks",
				);
				PRODUCT_BUNDLE_IDENTIFIER = com.trashy.TrashyTests;
				PRODUCT_NAME = "$(TARGET_NAME)";
				SWIFT_VERSION = 5.0;
				TARGETED_DEVICE_FAMILY = "1,2";
				TEST_HOST = "$(BUILT_PRODUCTS_DIR)/Trashy.app/Trashy";
			};
			name = Release;
		};
		3D3A86E822BFB46E007D2741 /* Debug */ = {
			isa = XCBuildConfiguration;
			baseConfigurationReference = 6FA714B27B76C585352E8C90 /* Pods-TrashyUITests.debug.xcconfig */;
			buildSettings = {
				ALWAYS_EMBED_SWIFT_STANDARD_LIBRARIES = YES;
				CODE_SIGN_STYLE = Automatic;
				INFOPLIST_FILE = TrashyUITests/Info.plist;
				LD_RUNPATH_SEARCH_PATHS = (
					"$(inherited)",
					"@executable_path/Frameworks",
					"@loader_path/Frameworks",
				);
				PRODUCT_BUNDLE_IDENTIFIER = com.trashy.TrashyUITests;
				PRODUCT_NAME = "$(TARGET_NAME)";
				SWIFT_VERSION = 5.0;
				TARGETED_DEVICE_FAMILY = "1,2";
				TEST_TARGET_NAME = Trashy;
			};
			name = Debug;
		};
		3D3A86E922BFB46E007D2741 /* Release */ = {
			isa = XCBuildConfiguration;
			baseConfigurationReference = 34416B2F978A9FFD50FD0465 /* Pods-TrashyUITests.release.xcconfig */;
			buildSettings = {
				ALWAYS_EMBED_SWIFT_STANDARD_LIBRARIES = YES;
				CODE_SIGN_STYLE = Automatic;
				INFOPLIST_FILE = TrashyUITests/Info.plist;
				LD_RUNPATH_SEARCH_PATHS = (
					"$(inherited)",
					"@executable_path/Frameworks",
					"@loader_path/Frameworks",
				);
				PRODUCT_BUNDLE_IDENTIFIER = com.trashy.TrashyUITests;
				PRODUCT_NAME = "$(TARGET_NAME)";
				SWIFT_VERSION = 5.0;
				TARGETED_DEVICE_FAMILY = "1,2";
				TEST_TARGET_NAME = Trashy;
			};
			name = Release;
		};
/* End XCBuildConfiguration section */

/* Begin XCConfigurationList section */
		3D3A86B122BFB46B007D2741 /* Build configuration list for PBXProject "Trashy" */ = {
			isa = XCConfigurationList;
			buildConfigurations = (
				3D3A86DF22BFB46E007D2741 /* Debug */,
				3D3A86E022BFB46E007D2741 /* Release */,
			);
			defaultConfigurationIsVisible = 0;
			defaultConfigurationName = Release;
		};
		3D3A86E122BFB46E007D2741 /* Build configuration list for PBXNativeTarget "Trashy" */ = {
			isa = XCConfigurationList;
			buildConfigurations = (
				3D3A86E222BFB46E007D2741 /* Debug */,
				3D3A86E322BFB46E007D2741 /* Release */,
			);
			defaultConfigurationIsVisible = 0;
			defaultConfigurationName = Release;
		};
		3D3A86E422BFB46E007D2741 /* Build configuration list for PBXNativeTarget "TrashyTests" */ = {
			isa = XCConfigurationList;
			buildConfigurations = (
				3D3A86E522BFB46E007D2741 /* Debug */,
				3D3A86E622BFB46E007D2741 /* Release */,
			);
			defaultConfigurationIsVisible = 0;
			defaultConfigurationName = Release;
		};
		3D3A86E722BFB46E007D2741 /* Build configuration list for PBXNativeTarget "TrashyUITests" */ = {
			isa = XCConfigurationList;
			buildConfigurations = (
				3D3A86E822BFB46E007D2741 /* Debug */,
				3D3A86E922BFB46E007D2741 /* Release */,
			);
			defaultConfigurationIsVisible = 0;
			defaultConfigurationName = Release;
		};
/* End XCConfigurationList section */

/* Begin XCVersionGroup section */
		3D3A86C022BFB46C007D2741 /* Trashy.xcdatamodeld */ = {
			isa = XCVersionGroup;
			children = (
				3D3A86C122BFB46C007D2741 /* Trashy.xcdatamodel */,
			);
			currentVersion = 3D3A86C122BFB46C007D2741 /* Trashy.xcdatamodel */;
			path = Trashy.xcdatamodeld;
			sourceTree = "<group>";
			versionGroupType = wrapper.xcdatamodel;
		};
/* End XCVersionGroup section */
	};
	rootObject = 3D3A86AE22BFB46B007D2741 /* Project object */;
}
